{
  "version": 4,
  "terraform_version": "1.5.7",
  "serial": 62,
  "lineage": "4e810932-25f2-c2fb-6cf7-f6ae9d6ec795",
  "outputs": {
    "instance_public_ips": {
      "value": [
        "52.54.108.249",
        "54.163.123.113",
        "3.91.32.219",
        "35.175.211.105",
        "52.72.120.234",
        "98.80.67.232"
      ],
      "type": [
        "tuple",
        [
          "string",
          "string",
          "string",
          "string",
          "string",
          "string"
        ]
      ]
    },
    "private_subnet_ids": {
      "value": [
        "subnet-0dd0bbfbfa38b955b",
        "subnet-02ec4000465392411"
      ],
      "type": [
        "tuple",
        [
          "string",
          "string"
        ]
      ]
    },
    "public_subnet_ids": {
      "value": [
        "subnet-078e5a188831b923b",
        "subnet-065f40bc2b290e79e"
      ],
      "type": [
        "tuple",
        [
          "string",
          "string"
        ]
      ]
    },
    "security_group_id": {
      "value": "sg-0495424d46e559eba",
      "type": "string"
    },
    "ssh_connection_strings": {
      "value": [
        "ssh -i modules/ec2/dev-key.pem ubuntu@52.54.108.249",
        "ssh -i modules/ec2/dev-key.pem ubuntu@54.163.123.113",
        "ssh -i modules/ec2/dev-key.pem ubuntu@3.91.32.219",
        "ssh -i modules/ec2/dev-key.pem ubuntu@35.175.211.105",
        "ssh -i modules/ec2/dev-key.pem ubuntu@52.72.120.234",
        "ssh -i modules/ec2/dev-key.pem ubuntu@98.80.67.232"
      ],
      "type": [
        "tuple",
        [
          "string",
          "string",
          "string",
          "string",
          "string",
          "string"
        ]
      ]
    },
    "ssh_private_key_path": {
      "value": "modules/ec2/dev-key.pem",
      "type": "string"
    },
    "vpc_id": {
      "value": "vpc-0fcec97247ec8e2d5",
      "type": "string"
    }
  },
  "resources": [
    {
      "module": "module.ec2",
      "mode": "data",
      "type": "aws_ami",
      "name": "ubuntu",
      "provider": "provider[\"registry.terraform.io/hashicorp/aws\"]",
      "instances": [
        {
          "schema_version": 0,
          "attributes": {
            "architecture": "x86_64",
            "arn": "arn:aws:ec2:us-east-1::image/ami-014f7ab33242ea43c",
            "block_device_mappings": [
              {
                "device_name": "/dev/sda1",
                "ebs": {
                  "delete_on_termination": "true",
                  "encrypted": "false",
                  "iops": "0",
                  "snapshot_id": "snap-0cf7f77fc167b73e2",
                  "throughput": "0",
                  "volume_size": "8",
                  "volume_type": "gp2"
                },
                "no_device": "",
                "virtual_name": ""
              },
              {
                "device_name": "/dev/sdb",
                "ebs": {},
                "no_device": "",
                "virtual_name": "ephemeral0"
              },
              {
                "device_name": "/dev/sdc",
                "ebs": {},
                "no_device": "",
                "virtual_name": "ephemeral1"
              }
            ],
            "boot_mode": "legacy-bios",
            "creation_date": "2025-01-11T23:33:00.000Z",
            "deprecation_time": "2027-01-11T23:33:00.000Z",
            "description": "Canonical, Ubuntu, 20.04, amd64 focal image",
            "ena_support": true,
            "executable_users": null,
            "filter": [
              {
                "name": "name",
                "values": [
                  "ubuntu/images/hvm-ssd/ubuntu-focal-20.04-amd64-server-*"
                ]
              },
              {
                "name": "virtualization-type",
                "values": [
                  "hvm"
                ]
              }
            ],
            "hypervisor": "xen",
            "id": "ami-014f7ab33242ea43c",
            "image_id": "ami-014f7ab33242ea43c",
            "image_location": "amazon/ubuntu/images/hvm-ssd/ubuntu-focal-20.04-amd64-server-20250111",
            "image_owner_alias": "amazon",
            "image_type": "machine",
            "imds_support": "",
            "include_deprecated": false,
            "kernel_id": "",
            "most_recent": true,
            "name": "ubuntu/images/hvm-ssd/ubuntu-focal-20.04-amd64-server-20250111",
            "name_regex": null,
            "owner_id": "099720109477",
            "owners": [
              "099720109477"
            ],
            "platform": "",
            "platform_details": "Linux/UNIX",
            "product_codes": [],
            "public": true,
            "ramdisk_id": "",
            "root_device_name": "/dev/sda1",
            "root_device_type": "ebs",
            "root_snapshot_id": "snap-0cf7f77fc167b73e2",
            "sriov_net_support": "simple",
            "state": "available",
            "state_reason": {
              "code": "UNSET",
              "message": "UNSET"
            },
            "tags": {},
            "timeouts": null,
            "tpm_support": "",
            "usage_operation": "RunInstances",
            "virtualization_type": "hvm"
          },
          "sensitive_attributes": []
        }
      ]
    },
    {
      "module": "module.ec2",
      "mode": "managed",
      "type": "aws_instance",
      "name": "main",
      "provider": "provider[\"registry.terraform.io/hashicorp/aws\"]",
      "instances": [
        {
          "index_key": 0,
          "schema_version": 1,
          "attributes": {
            "ami": "ami-014f7ab33242ea43c",
            "arn": "arn:aws:ec2:us-east-1:314146292800:instance/i-07ee233761e825cc9",
            "associate_public_ip_address": true,
            "availability_zone": "us-east-1a",
            "capacity_reservation_specification": [
              {
                "capacity_reservation_preference": "open",
                "capacity_reservation_target": []
              }
            ],
            "cpu_core_count": 2,
            "cpu_options": [
              {
                "amd_sev_snp": "",
                "core_count": 2,
                "threads_per_core": 1
              }
            ],
            "cpu_threads_per_core": 1,
            "credit_specification": [
              {
                "cpu_credits": "standard"
              }
            ],
            "disable_api_stop": false,
            "disable_api_termination": false,
            "ebs_block_device": [],
            "ebs_optimized": false,
            "enable_primary_ipv6": null,
            "enclave_options": [
              {
                "enabled": false
              }
            ],
            "ephemeral_block_device": [],
            "get_password_data": false,
            "hibernation": false,
            "host_id": "",
            "host_resource_group_arn": null,
            "iam_instance_profile": "",
            "id": "i-07ee233761e825cc9",
            "instance_initiated_shutdown_behavior": "stop",
            "instance_lifecycle": "",
            "instance_market_options": [],
            "instance_state": "running",
            "instance_type": "t2.medium",
            "ipv6_address_count": 0,
            "ipv6_addresses": [],
            "key_name": "dev-key",
            "launch_template": [],
            "maintenance_options": [
              {
                "auto_recovery": "default"
              }
            ],
            "metadata_options": [
              {
                "http_endpoint": "enabled",
                "http_protocol_ipv6": "disabled",
                "http_put_response_hop_limit": 1,
                "http_tokens": "optional",
                "instance_metadata_tags": "disabled"
              }
            ],
            "monitoring": false,
            "network_interface": [],
            "outpost_arn": "",
            "password_data": "",
            "placement_group": "",
            "placement_partition_number": 0,
            "primary_network_interface_id": "eni-0688512079d2ada24",
            "private_dns": "ip-10-0-1-174.ec2.internal",
            "private_dns_name_options": [
              {
                "enable_resource_name_dns_a_record": false,
                "enable_resource_name_dns_aaaa_record": false,
                "hostname_type": "ip-name"
              }
            ],
            "private_ip": "10.0.1.174",
            "public_dns": "ec2-52-54-108-249.compute-1.amazonaws.com",
            "public_ip": "52.54.108.249",
            "root_block_device": [
              {
                "delete_on_termination": true,
                "device_name": "/dev/sda1",
                "encrypted": false,
                "iops": 100,
                "kms_key_id": "",
                "tags": {},
                "tags_all": {},
                "throughput": 0,
                "volume_id": "vol-06b9171df85a75ca1",
                "volume_size": 8,
                "volume_type": "gp2"
              }
            ],
            "secondary_private_ips": [],
            "security_groups": [],
            "source_dest_check": true,
            "spot_instance_request_id": "",
            "subnet_id": "subnet-078e5a188831b923b",
            "tags": {
              "Name": "dev-instance-1"
            },
            "tags_all": {
              "Name": "dev-instance-1"
            },
            "tenancy": "default",
            "timeouts": null,
            "user_data": null,
            "user_data_base64": null,
            "user_data_replace_on_change": false,
            "volume_tags": null,
            "vpc_security_group_ids": [
              "sg-0495424d46e559eba"
            ]
          },
          "sensitive_attributes": [],
          "private": "eyJlMmJmYjczMC1lY2FhLTExZTYtOGY4OC0zNDM2M2JjN2M0YzAiOnsiY3JlYXRlIjo2MDAwMDAwMDAwMDAsImRlbGV0ZSI6MTIwMDAwMDAwMDAwMCwicmVhZCI6OTAwMDAwMDAwMDAwLCJ1cGRhdGUiOjYwMDAwMDAwMDAwMH0sInNjaGVtYV92ZXJzaW9uIjoiMSJ9",
          "dependencies": [
            "module.ec2.aws_key_pair.generated_key",
            "module.ec2.data.aws_ami.ubuntu",
            "module.security_group.aws_security_group.main",
            "module.vpc.aws_subnet.public"
          ]
        },
        {
          "index_key": 1,
          "schema_version": 1,
          "attributes": {
            "ami": "ami-014f7ab33242ea43c",
            "arn": "arn:aws:ec2:us-east-1:314146292800:instance/i-00f2ef8a9abaa2a69",
            "associate_public_ip_address": true,
            "availability_zone": "us-east-1b",
            "capacity_reservation_specification": [
              {
                "capacity_reservation_preference": "open",
                "capacity_reservation_target": []
              }
            ],
            "cpu_core_count": 2,
            "cpu_options": [
              {
                "amd_sev_snp": "",
                "core_count": 2,
                "threads_per_core": 1
              }
            ],
            "cpu_threads_per_core": 1,
            "credit_specification": [
              {
                "cpu_credits": "standard"
              }
            ],
            "disable_api_stop": false,
            "disable_api_termination": false,
            "ebs_block_device": [],
            "ebs_optimized": false,
            "enable_primary_ipv6": null,
            "enclave_options": [
              {
                "enabled": false
              }
            ],
            "ephemeral_block_device": [],
            "get_password_data": false,
            "hibernation": false,
            "host_id": "",
            "host_resource_group_arn": null,
            "iam_instance_profile": "",
            "id": "i-00f2ef8a9abaa2a69",
            "instance_initiated_shutdown_behavior": "stop",
            "instance_lifecycle": "",
            "instance_market_options": [],
            "instance_state": "running",
            "instance_type": "t2.medium",
            "ipv6_address_count": 0,
            "ipv6_addresses": [],
            "key_name": "dev-key",
            "launch_template": [],
            "maintenance_options": [
              {
                "auto_recovery": "default"
              }
            ],
            "metadata_options": [
              {
                "http_endpoint": "enabled",
                "http_protocol_ipv6": "disabled",
                "http_put_response_hop_limit": 1,
                "http_tokens": "optional",
                "instance_metadata_tags": "disabled"
              }
            ],
            "monitoring": false,
            "network_interface": [],
            "outpost_arn": "",
            "password_data": "",
            "placement_group": "",
            "placement_partition_number": 0,
            "primary_network_interface_id": "eni-0ddcd6cb0e01cf3f1",
            "private_dns": "ip-10-0-2-122.ec2.internal",
            "private_dns_name_options": [
              {
                "enable_resource_name_dns_a_record": false,
                "enable_resource_name_dns_aaaa_record": false,
                "hostname_type": "ip-name"
              }
            ],
            "private_ip": "10.0.2.122",
            "public_dns": "ec2-54-163-123-113.compute-1.amazonaws.com",
            "public_ip": "54.163.123.113",
            "root_block_device": [
              {
                "delete_on_termination": true,
                "device_name": "/dev/sda1",
                "encrypted": false,
                "iops": 100,
                "kms_key_id": "",
                "tags": {},
                "tags_all": {},
                "throughput": 0,
                "volume_id": "vol-09d450663e0065b0d",
                "volume_size": 8,
                "volume_type": "gp2"
              }
            ],
            "secondary_private_ips": [],
            "security_groups": [],
            "source_dest_check": true,
            "spot_instance_request_id": "",
            "subnet_id": "subnet-065f40bc2b290e79e",
            "tags": {
              "Name": "dev-instance-2"
            },
            "tags_all": {
              "Name": "dev-instance-2"
            },
            "tenancy": "default",
            "timeouts": null,
            "user_data": null,
            "user_data_base64": null,
            "user_data_replace_on_change": false,
            "volume_tags": null,
            "vpc_security_group_ids": [
              "sg-0495424d46e559eba"
            ]
          },
          "sensitive_attributes": [],
          "private": "eyJlMmJmYjczMC1lY2FhLTExZTYtOGY4OC0zNDM2M2JjN2M0YzAiOnsiY3JlYXRlIjo2MDAwMDAwMDAwMDAsImRlbGV0ZSI6MTIwMDAwMDAwMDAwMCwicmVhZCI6OTAwMDAwMDAwMDAwLCJ1cGRhdGUiOjYwMDAwMDAwMDAwMH0sInNjaGVtYV92ZXJzaW9uIjoiMSJ9",
          "dependencies": [
            "module.ec2.aws_key_pair.generated_key",
            "module.ec2.data.aws_ami.ubuntu",
            "module.security_group.aws_security_group.main",
            "module.vpc.aws_subnet.public"
          ]
        },
        {
          "index_key": 2,
          "schema_version": 1,
          "attributes": {
            "ami": "ami-014f7ab33242ea43c",
            "arn": "arn:aws:ec2:us-east-1:314146292800:instance/i-006e2e49f3a46b06c",
            "associate_public_ip_address": true,
            "availability_zone": "us-east-1a",
            "capacity_reservation_specification": [
              {
                "capacity_reservation_preference": "open",
                "capacity_reservation_target": []
              }
            ],
            "cpu_core_count": 2,
            "cpu_options": [
              {
                "amd_sev_snp": "",
                "core_count": 2,
                "threads_per_core": 1
              }
            ],
            "cpu_threads_per_core": 1,
            "credit_specification": [
              {
                "cpu_credits": "standard"
              }
            ],
            "disable_api_stop": false,
            "disable_api_termination": false,
            "ebs_block_device": [],
            "ebs_optimized": false,
            "enable_primary_ipv6": null,
            "enclave_options": [
              {
                "enabled": false
              }
            ],
            "ephemeral_block_device": [],
            "get_password_data": false,
            "hibernation": false,
            "host_id": "",
            "host_resource_group_arn": null,
            "iam_instance_profile": "",
            "id": "i-006e2e49f3a46b06c",
            "instance_initiated_shutdown_behavior": "stop",
            "instance_lifecycle": "",
            "instance_market_options": [],
            "instance_state": "running",
            "instance_type": "t2.medium",
            "ipv6_address_count": 0,
            "ipv6_addresses": [],
            "key_name": "dev-key",
            "launch_template": [],
            "maintenance_options": [
              {
                "auto_recovery": "default"
              }
            ],
            "metadata_options": [
              {
                "http_endpoint": "enabled",
                "http_protocol_ipv6": "disabled",
                "http_put_response_hop_limit": 1,
                "http_tokens": "optional",
                "instance_metadata_tags": "disabled"
              }
            ],
            "monitoring": false,
            "network_interface": [],
            "outpost_arn": "",
            "password_data": "",
            "placement_group": "",
            "placement_partition_number": 0,
            "primary_network_interface_id": "eni-01e0c3cfd82571d55",
            "private_dns": "ip-10-0-1-154.ec2.internal",
            "private_dns_name_options": [
              {
                "enable_resource_name_dns_a_record": false,
                "enable_resource_name_dns_aaaa_record": false,
                "hostname_type": "ip-name"
              }
            ],
            "private_ip": "10.0.1.154",
            "public_dns": "ec2-3-91-32-219.compute-1.amazonaws.com",
            "public_ip": "3.91.32.219",
            "root_block_device": [
              {
                "delete_on_termination": true,
                "device_name": "/dev/sda1",
                "encrypted": false,
                "iops": 100,
                "kms_key_id": "",
                "tags": {},
                "tags_all": {},
                "throughput": 0,
                "volume_id": "vol-0c216f5e16e98bcac",
                "volume_size": 8,
                "volume_type": "gp2"
              }
            ],
            "secondary_private_ips": [],
            "security_groups": [],
            "source_dest_check": true,
            "spot_instance_request_id": "",
            "subnet_id": "subnet-078e5a188831b923b",
            "tags": {
              "Name": "dev-instance-3"
            },
            "tags_all": {
              "Name": "dev-instance-3"
            },
            "tenancy": "default",
            "timeouts": null,
            "user_data": null,
            "user_data_base64": null,
            "user_data_replace_on_change": false,
            "volume_tags": null,
            "vpc_security_group_ids": [
              "sg-0495424d46e559eba"
            ]
          },
          "sensitive_attributes": [],
          "private": "eyJlMmJmYjczMC1lY2FhLTExZTYtOGY4OC0zNDM2M2JjN2M0YzAiOnsiY3JlYXRlIjo2MDAwMDAwMDAwMDAsImRlbGV0ZSI6MTIwMDAwMDAwMDAwMCwicmVhZCI6OTAwMDAwMDAwMDAwLCJ1cGRhdGUiOjYwMDAwMDAwMDAwMH0sInNjaGVtYV92ZXJzaW9uIjoiMSJ9",
          "dependencies": [
            "module.ec2.aws_key_pair.generated_key",
            "module.ec2.data.aws_ami.ubuntu",
            "module.security_group.aws_security_group.main",
            "module.vpc.aws_subnet.public"
          ]
        },
        {
          "index_key": 3,
          "schema_version": 1,
          "attributes": {
            "ami": "ami-014f7ab33242ea43c",
            "arn": "arn:aws:ec2:us-east-1:314146292800:instance/i-0632e89f93ff99e75",
            "associate_public_ip_address": true,
            "availability_zone": "us-east-1b",
            "capacity_reservation_specification": [
              {
                "capacity_reservation_preference": "open",
                "capacity_reservation_target": []
              }
            ],
            "cpu_core_count": 2,
            "cpu_options": [
              {
                "amd_sev_snp": "",
                "core_count": 2,
                "threads_per_core": 1
              }
            ],
            "cpu_threads_per_core": 1,
            "credit_specification": [
              {
                "cpu_credits": "standard"
              }
            ],
            "disable_api_stop": false,
            "disable_api_termination": false,
            "ebs_block_device": [],
            "ebs_optimized": false,
            "enable_primary_ipv6": null,
            "enclave_options": [
              {
                "enabled": false
              }
            ],
            "ephemeral_block_device": [],
            "get_password_data": false,
            "hibernation": false,
            "host_id": "",
            "host_resource_group_arn": null,
            "iam_instance_profile": "",
            "id": "i-0632e89f93ff99e75",
            "instance_initiated_shutdown_behavior": "stop",
            "instance_lifecycle": "",
            "instance_market_options": [],
            "instance_state": "running",
            "instance_type": "t2.medium",
            "ipv6_address_count": 0,
            "ipv6_addresses": [],
            "key_name": "dev-key",
            "launch_template": [],
            "maintenance_options": [
              {
                "auto_recovery": "default"
              }
            ],
            "metadata_options": [
              {
                "http_endpoint": "enabled",
                "http_protocol_ipv6": "disabled",
                "http_put_response_hop_limit": 1,
                "http_tokens": "optional",
                "instance_metadata_tags": "disabled"
              }
            ],
            "monitoring": false,
            "network_interface": [],
            "outpost_arn": "",
            "password_data": "",
            "placement_group": "",
            "placement_partition_number": 0,
            "primary_network_interface_id": "eni-01824ff8b5375a6cd",
            "private_dns": "ip-10-0-2-28.ec2.internal",
            "private_dns_name_options": [
              {
                "enable_resource_name_dns_a_record": false,
                "enable_resource_name_dns_aaaa_record": false,
                "hostname_type": "ip-name"
              }
            ],
            "private_ip": "10.0.2.28",
            "public_dns": "ec2-35-175-211-105.compute-1.amazonaws.com",
            "public_ip": "35.175.211.105",
            "root_block_device": [
              {
                "delete_on_termination": true,
                "device_name": "/dev/sda1",
                "encrypted": false,
                "iops": 100,
                "kms_key_id": "",
                "tags": {},
                "tags_all": {},
                "throughput": 0,
                "volume_id": "vol-06698e188194e3740",
                "volume_size": 8,
                "volume_type": "gp2"
              }
            ],
            "secondary_private_ips": [],
            "security_groups": [],
            "source_dest_check": true,
            "spot_instance_request_id": "",
            "subnet_id": "subnet-065f40bc2b290e79e",
            "tags": {
              "Name": "dev-instance-4"
            },
            "tags_all": {
              "Name": "dev-instance-4"
            },
            "tenancy": "default",
            "timeouts": null,
            "user_data": null,
            "user_data_base64": null,
            "user_data_replace_on_change": false,
            "volume_tags": null,
            "vpc_security_group_ids": [
              "sg-0495424d46e559eba"
            ]
          },
          "sensitive_attributes": [],
          "private": "eyJlMmJmYjczMC1lY2FhLTExZTYtOGY4OC0zNDM2M2JjN2M0YzAiOnsiY3JlYXRlIjo2MDAwMDAwMDAwMDAsImRlbGV0ZSI6MTIwMDAwMDAwMDAwMCwicmVhZCI6OTAwMDAwMDAwMDAwLCJ1cGRhdGUiOjYwMDAwMDAwMDAwMH0sInNjaGVtYV92ZXJzaW9uIjoiMSJ9",
          "dependencies": [
            "module.ec2.aws_key_pair.generated_key",
            "module.ec2.data.aws_ami.ubuntu",
            "module.security_group.aws_security_group.main",
            "module.vpc.aws_subnet.public"
          ]
        },
        {
          "index_key": 4,
          "schema_version": 1,
          "attributes": {
            "ami": "ami-014f7ab33242ea43c",
            "arn": "arn:aws:ec2:us-east-1:314146292800:instance/i-0285be30d7066b8d6",
            "associate_public_ip_address": true,
            "availability_zone": "us-east-1a",
            "capacity_reservation_specification": [
              {
                "capacity_reservation_preference": "open",
                "capacity_reservation_target": []
              }
            ],
            "cpu_core_count": 2,
            "cpu_options": [
              {
                "amd_sev_snp": "",
                "core_count": 2,
                "threads_per_core": 1
              }
            ],
            "cpu_threads_per_core": 1,
            "credit_specification": [
              {
                "cpu_credits": "standard"
              }
            ],
            "disable_api_stop": false,
            "disable_api_termination": false,
            "ebs_block_device": [],
            "ebs_optimized": false,
            "enable_primary_ipv6": null,
            "enclave_options": [
              {
                "enabled": false
              }
            ],
            "ephemeral_block_device": [],
            "get_password_data": false,
            "hibernation": false,
            "host_id": "",
            "host_resource_group_arn": null,
            "iam_instance_profile": "",
            "id": "i-0285be30d7066b8d6",
            "instance_initiated_shutdown_behavior": "stop",
            "instance_lifecycle": "",
            "instance_market_options": [],
            "instance_state": "running",
            "instance_type": "t2.medium",
            "ipv6_address_count": 0,
            "ipv6_addresses": [],
            "key_name": "dev-key",
            "launch_template": [],
            "maintenance_options": [
              {
                "auto_recovery": "default"
              }
            ],
            "metadata_options": [
              {
                "http_endpoint": "enabled",
                "http_protocol_ipv6": "disabled",
                "http_put_response_hop_limit": 1,
                "http_tokens": "optional",
                "instance_metadata_tags": "disabled"
              }
            ],
            "monitoring": false,
            "network_interface": [],
            "outpost_arn": "",
            "password_data": "",
            "placement_group": "",
            "placement_partition_number": 0,
            "primary_network_interface_id": "eni-0f4b19133ece89099",
            "private_dns": "ip-10-0-1-238.ec2.internal",
            "private_dns_name_options": [
              {
                "enable_resource_name_dns_a_record": false,
                "enable_resource_name_dns_aaaa_record": false,
                "hostname_type": "ip-name"
              }
            ],
            "private_ip": "10.0.1.238",
            "public_dns": "ec2-52-72-120-234.compute-1.amazonaws.com",
            "public_ip": "52.72.120.234",
            "root_block_device": [
              {
                "delete_on_termination": true,
                "device_name": "/dev/sda1",
                "encrypted": false,
                "iops": 100,
                "kms_key_id": "",
                "tags": {},
                "tags_all": {},
                "throughput": 0,
                "volume_id": "vol-04e4028236b8999c9",
                "volume_size": 8,
                "volume_type": "gp2"
              }
            ],
            "secondary_private_ips": [],
            "security_groups": [],
            "source_dest_check": true,
            "spot_instance_request_id": "",
            "subnet_id": "subnet-078e5a188831b923b",
            "tags": {
              "Name": "dev-instance-5"
            },
            "tags_all": {
              "Name": "dev-instance-5"
            },
            "tenancy": "default",
            "timeouts": null,
            "user_data": null,
            "user_data_base64": null,
            "user_data_replace_on_change": false,
            "volume_tags": null,
            "vpc_security_group_ids": [
              "sg-0495424d46e559eba"
            ]
          },
          "sensitive_attributes": [],
          "private": "eyJlMmJmYjczMC1lY2FhLTExZTYtOGY4OC0zNDM2M2JjN2M0YzAiOnsiY3JlYXRlIjo2MDAwMDAwMDAwMDAsImRlbGV0ZSI6MTIwMDAwMDAwMDAwMCwicmVhZCI6OTAwMDAwMDAwMDAwLCJ1cGRhdGUiOjYwMDAwMDAwMDAwMH0sInNjaGVtYV92ZXJzaW9uIjoiMSJ9",
          "dependencies": [
            "module.ec2.aws_key_pair.generated_key",
            "module.ec2.data.aws_ami.ubuntu",
            "module.security_group.aws_security_group.main",
            "module.vpc.aws_subnet.public"
          ]
        },
        {
          "index_key": 5,
          "schema_version": 1,
          "attributes": {
            "ami": "ami-014f7ab33242ea43c",
            "arn": "arn:aws:ec2:us-east-1:314146292800:instance/i-0835b85fb60416ab8",
            "associate_public_ip_address": true,
            "availability_zone": "us-east-1b",
            "capacity_reservation_specification": [
              {
                "capacity_reservation_preference": "open",
                "capacity_reservation_target": []
              }
            ],
            "cpu_core_count": 2,
            "cpu_options": [
              {
                "amd_sev_snp": "",
                "core_count": 2,
                "threads_per_core": 1
              }
            ],
            "cpu_threads_per_core": 1,
            "credit_specification": [
              {
                "cpu_credits": "standard"
              }
            ],
            "disable_api_stop": false,
            "disable_api_termination": false,
            "ebs_block_device": [],
            "ebs_optimized": false,
            "enable_primary_ipv6": null,
            "enclave_options": [
              {
                "enabled": false
              }
            ],
            "ephemeral_block_device": [],
            "get_password_data": false,
            "hibernation": false,
            "host_id": "",
            "host_resource_group_arn": null,
            "iam_instance_profile": "",
            "id": "i-0835b85fb60416ab8",
            "instance_initiated_shutdown_behavior": "stop",
            "instance_lifecycle": "",
            "instance_market_options": [],
            "instance_state": "running",
            "instance_type": "t2.medium",
            "ipv6_address_count": 0,
            "ipv6_addresses": [],
            "key_name": "dev-key",
            "launch_template": [],
            "maintenance_options": [
              {
                "auto_recovery": "default"
              }
            ],
            "metadata_options": [
              {
                "http_endpoint": "enabled",
                "http_protocol_ipv6": "disabled",
                "http_put_response_hop_limit": 1,
                "http_tokens": "optional",
                "instance_metadata_tags": "disabled"
              }
            ],
            "monitoring": false,
            "network_interface": [],
            "outpost_arn": "",
            "password_data": "",
            "placement_group": "",
            "placement_partition_number": 0,
            "primary_network_interface_id": "eni-00da5d0ca49c383a8",
            "private_dns": "ip-10-0-2-241.ec2.internal",
            "private_dns_name_options": [
              {
                "enable_resource_name_dns_a_record": false,
                "enable_resource_name_dns_aaaa_record": false,
                "hostname_type": "ip-name"
              }
            ],
            "private_ip": "10.0.2.241",
            "public_dns": "ec2-98-80-67-232.compute-1.amazonaws.com",
            "public_ip": "98.80.67.232",
            "root_block_device": [
              {
                "delete_on_termination": true,
                "device_name": "/dev/sda1",
                "encrypted": false,
                "iops": 100,
                "kms_key_id": "",
                "tags": {},
                "tags_all": {},
                "throughput": 0,
                "volume_id": "vol-014eb6ee9ea7755b2",
                "volume_size": 8,
                "volume_type": "gp2"
              }
            ],
            "secondary_private_ips": [],
            "security_groups": [],
            "source_dest_check": true,
            "spot_instance_request_id": "",
            "subnet_id": "subnet-065f40bc2b290e79e",
            "tags": {
              "Name": "dev-instance-6"
            },
            "tags_all": {
              "Name": "dev-instance-6"
            },
            "tenancy": "default",
            "timeouts": null,
            "user_data": null,
            "user_data_base64": null,
            "user_data_replace_on_change": false,
            "volume_tags": null,
            "vpc_security_group_ids": [
              "sg-0495424d46e559eba"
            ]
          },
          "sensitive_attributes": [],
          "private": "eyJlMmJmYjczMC1lY2FhLTExZTYtOGY4OC0zNDM2M2JjN2M0YzAiOnsiY3JlYXRlIjo2MDAwMDAwMDAwMDAsImRlbGV0ZSI6MTIwMDAwMDAwMDAwMCwicmVhZCI6OTAwMDAwMDAwMDAwLCJ1cGRhdGUiOjYwMDAwMDAwMDAwMH0sInNjaGVtYV92ZXJzaW9uIjoiMSJ9",
          "dependencies": [
            "module.ec2.aws_key_pair.generated_key",
            "module.ec2.data.aws_ami.ubuntu",
            "module.security_group.aws_security_group.main",
            "module.vpc.aws_subnet.public"
          ]
        }
      ]
    },
    {
      "module": "module.ec2",
      "mode": "managed",
      "type": "aws_key_pair",
      "name": "generated_key",
      "provider": "provider[\"registry.terraform.io/hashicorp/aws\"]",
      "instances": [
        {
          "schema_version": 1,
          "attributes": {
            "arn": "arn:aws:ec2:us-east-1:314146292800:key-pair/dev-key",
            "fingerprint": "9b:db:67:7d:fd:11:c9:11:bf:f8:75:be:67:72:c8:c7",
            "id": "dev-key",
            "key_name": "dev-key",
            "key_name_prefix": "",
            "key_pair_id": "key-0f20a23545afd521a",
            "key_type": "rsa",
            "public_key": "ssh-rsa AAAAB3NzaC1yc2EAAAADAQABAAACAQCpQWWp6U/ucyVCYA0VE9LnhZOfwQJ6cYh02cg3S8SxZz4UGpz5WGrfGO+eY9U5Dzf1FJ3WA7LB84m63xVjXs8xerTYDxQLcC136ARzqeLnnNWxrNjuVXyMHSLog242WQ0EePtLvk8u/MZvG9TKEhCJxLpnmh3yc8u5x3l67/xURciztSUvO56hsM+07ZUg4pRo18DyWRKmBk+682+D6cZiyYfgGmd1JY5f1Arbu0xBLdOyB+ey9BB3NJExI3DxnlaswrI6/rNPfddka92pTXvh0UHlgwC/mvYoUykkTUf1sbwQG+QrUlSY4vtSLnQyoMHb1X9pl6PwZvXYfyWwPRqE+ST/lJYBLYTX4qS+8iRCylh1nPtNZX8FRElNhl/gKl11x+vc8mcTzLl+qsNTUK677CJ+RBI7Dgt44n/leM2yLnNaTDmqafPmIPFKV8bcywqTl8S8/kpblVaxXKdzLDsxCkf3CyvwXZP96OeP58L2QHjPHX68ZqaHFGZYEQgHCSEo8raU+WGk3G4KvRrR0rdQFAmYxZF5v4PL89eGJaVGHy/6s6+Zod1g50Pofb0sTipru0HmyqmvYVLCkmW4DGGfkNnZeQXoCPIbJGmYzcI46KNsQ/490JhFLA/nFceHEHLf4/OZJDr10PJN+DlUjnUR3WgzE++IJj2jjT+VbJ/w7w==",
            "tags": {},
            "tags_all": {}
          },
          "sensitive_attributes": [],
          "private": "eyJzY2hlbWFfdmVyc2lvbiI6IjEifQ==",
          "dependencies": [
            "module.ec2.tls_private_key.key"
          ]
        }
      ]
    },
    {
      "module": "module.ec2",
      "mode": "managed",
      "type": "local_file",
      "name": "private_key",
      "provider": "provider[\"registry.terraform.io/hashicorp/local\"]",
      "instances": [
        {
          "schema_version": 0,
          "attributes": {
            "content": "-----BEGIN RSA PRIVATE KEY-----\nMIIJJwIBAAKCAgEAqUFlqelP7nMlQmANFRPS54WTn8ECenGIdNnIN0vEsWc+FBqc\n+Vhq3xjvnmPVOQ839RSd1gOywfOJut8VY17PMXq02A8UC3Atd+gEc6ni55zVsazY\n7lV8jB0i6INuNlkNBHj7S75PLvzGbxvUyhIQicS6Z5od8nPLucd5eu/8VEXIs7Ul\nLzueobDPtO2VIOKUaNfA8lkSpgZPuvNvg+nGYsmH4BpndSWOX9QK27tMQS3Tsgfn\nsvQQdzSRMSNw8Z5WrMKyOv6zT33XZGvdqU174dFB5YMAv5r2KFMpJE1H9bG8EBvk\nK1JUmOL7Ui50MqDB29V/aZej8Gb12H8lsD0ahPkk/5SWAS2E1+KkvvIkQspYdZz7\nTWV/BURJTYZf4Cpddcfr3PJnE8y5fqrDU1Cuu+wifkQSOw4LeOJ/5XjNsi5zWkw5\nqmnz5iDxSlfG3MsKk5fEvP5KW5VWsVyncyw7MQpH9wsr8F2T/ejnj+fC9kB4zx1+\nvGamhxRmWBEIBwkhKPK2lPlhpNxuCr0a0dK3UBQJmMWReb+Dy/PXhiWlRh8v+rOv\nmaHdYOdD6H29LE4qa7tB5sqpr2FSwpJluAxhn5DZ2XkF6AjyGyRpmM3COOijbEP+\nPdCYRSwP5xXHhxBy3+PzmSQ69dDyTfg5VI51Ed1oMxPviCY9o40/lWyf8O8CAwEA\nAQKCAgAKI6bJdPaa3D8BKOvftV5PDEt5qIBTgXWhOmKqHVndHsgzQBzjOw676qyA\nGo7taiH6BpAl//a3c7Vugmqvl0BmQGmQ/+Y9gSzYIAgUPbsgEN8kU6xzKp/ZbO1o\nbGcvzknfWLgFI5NuxynEAjDPIiHnfueDyVG98n3j1TVLzhCZo8yQJ2vg1nt8SDFJ\nL2pdm/U0Cqi+W+OoGnywQGEPz/NYe6YuIKbN97/9saAs5Z190hb6dUrGB6Ts3zNL\ndEoRz2B13Pv8WMG5I1rB40xWFhQzxOtjqmNjFw9j/wdZ619CMrGHbYRPrBDxT7eq\nhqnjVooGd1W4p6LkheZ4X7WMRzzNXYVDPbq5MWMoa2NlTEHJfCiihjkLy0dazugl\nBBbrTVgI6SjHyY4uhNgDAxOY/rdg0n1ChALjEGryHWyu34nP8+vhrQ1g5t4HwHAL\n2AC0XVNyYm0/z/+GAnQ6QA9xE1ftkje5CN+FOT54ruzmJpxCLdGMB3yF9y02pdaD\nQAdNU5iiYR1bckQ2TIsYpzMRFeSHnhsdLarvF8ZhYQ3e/Bt04KQbBJvfMuSTV13B\n2bT8PchhMuSzVW5mcxcIS0QE8bNV6jIePVfsHoObAzn4LFTXLXD8OBF2+ibYmop+\nhSDbs+uAd1tmmlArATKEtuWepFR5zxcC56fv8bvZXYwCCvF6AQKCAQEA1PfspLqZ\nhKWSy9d6mRs0kJ1tEGj/O+Xx9463q8fSJaaIXQFOfsi0uFFBtiibLqX3WXcx6w0L\nTW/MSBQ5UoVPu4mnz0dZsxmyZEw7c1nqgh1LsF9DVh5w5FRrkSgfuc+WTA/GxfGQ\nO7ILoB01PGs8hmGOggImMkPqCd+hZhotEjJqFcsJZhXQIc/MGWcp/Z0iiTJHOJ2s\njxPiJkffDf+gGgv3hTAsuQJbaTujmiP3rvT337CK1KpBX78XydpYXd/fzTwvsPK7\nziBR5ZJgvWWJuqrmJUSbBvLKnrZmGiL8Xeoc16MvDTKc4M58fVUB+hK5HxlKMgrO\nreO7KUQbqpw5bwKCAQEAy3RcKgX9XbtJ4PQV0ClqK4H/oAfvuPoYwo9LHLenfzcb\nPrn7MaHB3ZlpvxhusK5sCAj/19H+odR/2Pd0lE5qrqcVJkimxURyshgxtZJZ1Jxx\npOjqYewk/MNeKc5ILiYqUV74SNfoXRwdfYEfXRGDFDlMzHxclPGwA0chs4AWBrcP\nmtFtFVcCdF17ZHhMnIc8G2vGWW6ZwqoAiBmgcVeY+PK9GnyRotaz25jRP3wgfQAM\nv6qDmQfqD9NZQYwDG2IVeczYHPaEXDkakZa0MnbMgQh01jyAg6BX5wB+RNhC63Is\n4xzGDK4EFK/BvP1C7vK0UkXpXEvGyy08J6RjAQkAgQKCAQB5odegBYrkfYQns7ur\nciRFbAP8WVtcpGnbz8EK9ScKpeA/7h0cwBinJJF5LhvjOprYmAEElACei3mKuTI7\n9TOikm4rLj8G0WhXbEqQCQysn3q5Es9sghpL7gM5dkcYYn0el+wY5WxRC9Ej80qS\nZVS+Ez3G9t9F2g/y76xImi6fs/du1vVZPqAOj5Wr9IXA+VveK78NkNAbL2n8HxQ/\n9H1GIwuNIASK7dOzeIJp6Jzvaa2gLj48U7jerE8z0+agRtqVZwh98URd54ueqElk\nInfVCwJCyroX79bVaqtJxi2Incs3RVX8HaoHoybqlgB5CPR91H3RsuZz3hro6KM8\nf9k1AoIBAEF839mq+eX8zgf5qTfKzODaRFTXmSMaZXPiudOxjdmV/FARfzh3j7Zr\nli0riR2X1zAy7V8juemPQ+Orqzu9jftPzq/2/K9Mm/qVbRK72+xiuvXQ/visES/H\nFv0v5+3q3P46KoMP9DxcO2XVdSn45A9TblP3x7ktnnE/qSplFTHuJLi5pnoS+rhI\nCtrJGifcI83TwBGzVwzgubEVRp6VCqk/QP1QkXQv1c7efqQHqVFy/aeIFDni4UVc\ny0Mc9TcQOEdvVzTjaLFitBmev7vqn2L9PNZkvR0hNIonj31LeybcJnSoI1ube7bI\n5/yULMJLHx3IYRgTUBbAJbfA4xlHM4ECggEAdgmmM6l7GIxxNuWoN+2+PXJ6MKjK\n5YuGtW61G6eZ2OSbNSPUYptcVQZJbJoedEBiwVfRGsUdrUBP3sHG6Pe7O8izHDYb\nipSnRtR1Y5CdSBy2KN9YT5svyDDxC5iqYRgVDBmVUnsTIFoQjixjs4zv+OQvP2PQ\nRtjXzlncSdg3sLtwj1ssNYJSESv/p7ERwfNzbU176k/B1x0jU9ABOOLxx0t2SQOz\n0ZsVGYPDMVLUigvmW4r0RbF57e8e/VTHycPa0kojM/x2UPgumkFbfFjVcSZx/03g\nK2YPJN7RN73R7vVwuNGJNaWKjhTS6NwzEC5sribdgfSY21AEmalCGJXAug==\n-----END RSA PRIVATE KEY-----\n",
            "content_base64": null,
            "content_base64sha256": "E+dRvjFLKeOiFzAhk15F3UcQDtUzCtN5GvIk7n5S22g=",
            "content_base64sha512": "hJd3AzJuFAPyjJJh1hXIwf6AoLWGDScsAheijO7JTFL4ZB+KyrQdIoaZoxTukcFUJN2EouAHpDkcKd7XQ4fNtA==",
            "content_md5": "bcfc067a7972024c136f70206f9fb101",
            "content_sha1": "94f97e4d02ab0c875c0cc8b089529ce83829d511",
            "content_sha256": "13e751be314b29e3a2173021935e45dd47100ed5330ad3791af224ee7e52db68",
            "content_sha512": "84977703326e1403f28c9261d615c8c1fe80a0b5860d272c0217a28ceec94c52f8641f8acab41d228699a314ee91c15424dd84a2e007a4391c29ded74387cdb4",
            "directory_permission": "0777",
            "file_permission": "0600",
            "filename": "modules/ec2/dev-key.pem",
            "id": "94f97e4d02ab0c875c0cc8b089529ce83829d511",
            "sensitive_content": null,
            "source": null
          },
          "sensitive_attributes": [
            [
              {
                "type": "get_attr",
                "value": "content"
              }
            ]
          ],
          "dependencies": [
            "module.ec2.tls_private_key.key"
          ]
        }
      ]
    },
    {
      "module": "module.ec2",
      "mode": "managed",
      "type": "tls_private_key",
      "name": "key",
      "provider": "provider[\"registry.terraform.io/hashicorp/tls\"]",
      "instances": [
        {
          "schema_version": 1,
          "attributes": {
            "algorithm": "RSA",
            "ecdsa_curve": "P224",
            "id": "054e39da5c53cbba4943d9b5ebaa88b5c3faae6b",
            "private_key_openssh": "-----BEGIN OPENSSH PRIVATE KEY-----\nb3BlbnNzaC1rZXktdjEAAAAABG5vbmUAAAAEbm9uZQAAAAAAAAABAAACFwAAAAdz\nc2gtcnNhAAAAAwEAAQAAAgEAqUFlqelP7nMlQmANFRPS54WTn8ECenGIdNnIN0vE\nsWc+FBqc+Vhq3xjvnmPVOQ839RSd1gOywfOJut8VY17PMXq02A8UC3Atd+gEc6ni\n55zVsazY7lV8jB0i6INuNlkNBHj7S75PLvzGbxvUyhIQicS6Z5od8nPLucd5eu/8\nVEXIs7UlLzueobDPtO2VIOKUaNfA8lkSpgZPuvNvg+nGYsmH4BpndSWOX9QK27tM\nQS3TsgfnsvQQdzSRMSNw8Z5WrMKyOv6zT33XZGvdqU174dFB5YMAv5r2KFMpJE1H\n9bG8EBvkK1JUmOL7Ui50MqDB29V/aZej8Gb12H8lsD0ahPkk/5SWAS2E1+KkvvIk\nQspYdZz7TWV/BURJTYZf4Cpddcfr3PJnE8y5fqrDU1Cuu+wifkQSOw4LeOJ/5XjN\nsi5zWkw5qmnz5iDxSlfG3MsKk5fEvP5KW5VWsVyncyw7MQpH9wsr8F2T/ejnj+fC\n9kB4zx1+vGamhxRmWBEIBwkhKPK2lPlhpNxuCr0a0dK3UBQJmMWReb+Dy/PXhiWl\nRh8v+rOvmaHdYOdD6H29LE4qa7tB5sqpr2FSwpJluAxhn5DZ2XkF6AjyGyRpmM3C\nOOijbEP+PdCYRSwP5xXHhxBy3+PzmSQ69dDyTfg5VI51Ed1oMxPviCY9o40/lWyf\n8O8AAAc4wNUHRcDVB0UAAAAHc3NoLXJzYQAAAgEAqUFlqelP7nMlQmANFRPS54WT\nn8ECenGIdNnIN0vEsWc+FBqc+Vhq3xjvnmPVOQ839RSd1gOywfOJut8VY17PMXq0\n2A8UC3Atd+gEc6ni55zVsazY7lV8jB0i6INuNlkNBHj7S75PLvzGbxvUyhIQicS6\nZ5od8nPLucd5eu/8VEXIs7UlLzueobDPtO2VIOKUaNfA8lkSpgZPuvNvg+nGYsmH\n4BpndSWOX9QK27tMQS3TsgfnsvQQdzSRMSNw8Z5WrMKyOv6zT33XZGvdqU174dFB\n5YMAv5r2KFMpJE1H9bG8EBvkK1JUmOL7Ui50MqDB29V/aZej8Gb12H8lsD0ahPkk\n/5SWAS2E1+KkvvIkQspYdZz7TWV/BURJTYZf4Cpddcfr3PJnE8y5fqrDU1Cuu+wi\nfkQSOw4LeOJ/5XjNsi5zWkw5qmnz5iDxSlfG3MsKk5fEvP5KW5VWsVyncyw7MQpH\n9wsr8F2T/ejnj+fC9kB4zx1+vGamhxRmWBEIBwkhKPK2lPlhpNxuCr0a0dK3UBQJ\nmMWReb+Dy/PXhiWlRh8v+rOvmaHdYOdD6H29LE4qa7tB5sqpr2FSwpJluAxhn5DZ\n2XkF6AjyGyRpmM3COOijbEP+PdCYRSwP5xXHhxBy3+PzmSQ69dDyTfg5VI51Ed1o\nMxPviCY9o40/lWyf8O8AAAADAQABAAACAAojpsl09prcPwEo69+1Xk8MS3mogFOB\ndaE6YqodWd0eyDNAHOM7DrvqrIAaju1qIfoGkCX/9rdztW6Caq+XQGZAaZD/5j2B\nLNggCBQ9uyAQ3yRTrHMqn9ls7WhsZy/OSd9YuAUjk27HKcQCMM8iIed+54PJUb3y\nfePVNUvOEJmjzJAna+DWe3xIMUkval2b9TQKqL5b46gafLBAYQ/P81h7pi4gps33\nv/2xoCzlnX3SFvp1SsYHpOzfM0t0ShHPYHXc+/xYwbkjWsHjTFYWFDPE62OqY2MX\nD2P/B1nrX0IysYdthE+sEPFPt6qGqeNWigZ3VbinouSF5nhftYxHPM1dhUM9urkx\nYyhrY2VMQcl8KKKGOQvLR1rO6CUEFutNWAjpKMfJji6E2AMDE5j+t2DSfUKEAuMQ\navIdbK7fic/z6+GtDWDm3gfAcAvYALRdU3JibT/P/4YCdDpAD3ETV+2SN7kI34U5\nPniu7OYmnEIt0YwHfIX3LTal1oNAB01TmKJhHVtyRDZMixinMxEV5IeeGx0tqu8X\nxmFhDd78G3TgpBsEm98y5JNXXcHZtPw9yGEy5LNVbmZzFwhLRATxs1XqMh49V+we\ng5sDOfgsVNctcPw4EXb6Jtiain6FINuz64B3W2aaUCsBMoS25Z6kVHnPFwLnp+/x\nu9ldjAIK8XoBAAABAHYJpjOpexiMcTblqDftvj1yejCoyuWLhrVutRunmdjkmzUj\n1GKbXFUGSWyaHnRAYsFX0RrFHa1AT97Bxuj3uzvIsxw2G4qUp0bUdWOQnUgctijf\nWE+bL8gw8QuYqmEYFQwZlVJ7EyBaEI4sY7OM7/jkLz9j0EbY185Z3EnYN7C7cI9b\nLDWCUhEr/6exEcHzc21Ne+pPwdcdI1PQATji8cdLdkkDs9GbFRmDwzFS1IoL5luK\n9EWxee3vHv1Ux8nD2tJKIzP8dlD4LppBW3xY1XEmcf9N4CtmDyTe0Te90e71cLjR\niTWlio4U0ujcMxAubK4m3YH0mNtQBJmpQhiVwLoAAAEBANT37KS6mYSlksvXepkb\nNJCdbRBo/zvl8feOt6vH0iWmiF0BTn7ItLhRQbYomy6l91l3MesNC01vzEgUOVKF\nT7uJp89HWbMZsmRMO3NZ6oIdS7BfQ1YecORUa5EoH7nPlkwPxsXxkDuyC6AdNTxr\nPIZhjoICJjJD6gnfoWYaLRIyahXLCWYV0CHPzBlnKf2dIokyRzidrI8T4iZH3w3/\noBoL94UwLLkCW2k7o5oj967099+witSqQV+/F8naWF3f3808L7Dyu84gUeWSYL1l\nibqq5iVEmwbyyp62Zhoi/F3qHNejLw0ynODOfH1VAfoSuR8ZSjIKzq3juylEG6qc\nOW8AAAEBAMt0XCoF/V27SeD0FdApaiuB/6AH77j6GMKPSxy3p383Gz65+zGhwd2Z\nab8YbrCubAgI/9fR/qHUf9j3dJROaq6nFSZIpsVEcrIYMbWSWdSccaTo6mHsJPzD\nXinOSC4mKlFe+EjX6F0cHX2BH10RgxQ5TMx8XJTxsANHIbOAFga3D5rRbRVXAnRd\ne2R4TJyHPBtrxllumcKqAIgZoHFXmPjyvRp8kaLWs9uY0T98IH0ADL+qg5kH6g/T\nWUGMAxtiFXnM2Bz2hFw5GpGWtDJ2zIEIdNY8gIOgV+cAfkTYQutyLOMcxgyuBBSv\nwbz9Qu7ytFJF6VxLxsstPCekYwEJAIEAAAAAAQID\n-----END OPENSSH PRIVATE KEY-----\n",
            "private_key_pem": "-----BEGIN RSA PRIVATE KEY-----\nMIIJJwIBAAKCAgEAqUFlqelP7nMlQmANFRPS54WTn8ECenGIdNnIN0vEsWc+FBqc\n+Vhq3xjvnmPVOQ839RSd1gOywfOJut8VY17PMXq02A8UC3Atd+gEc6ni55zVsazY\n7lV8jB0i6INuNlkNBHj7S75PLvzGbxvUyhIQicS6Z5od8nPLucd5eu/8VEXIs7Ul\nLzueobDPtO2VIOKUaNfA8lkSpgZPuvNvg+nGYsmH4BpndSWOX9QK27tMQS3Tsgfn\nsvQQdzSRMSNw8Z5WrMKyOv6zT33XZGvdqU174dFB5YMAv5r2KFMpJE1H9bG8EBvk\nK1JUmOL7Ui50MqDB29V/aZej8Gb12H8lsD0ahPkk/5SWAS2E1+KkvvIkQspYdZz7\nTWV/BURJTYZf4Cpddcfr3PJnE8y5fqrDU1Cuu+wifkQSOw4LeOJ/5XjNsi5zWkw5\nqmnz5iDxSlfG3MsKk5fEvP5KW5VWsVyncyw7MQpH9wsr8F2T/ejnj+fC9kB4zx1+\nvGamhxRmWBEIBwkhKPK2lPlhpNxuCr0a0dK3UBQJmMWReb+Dy/PXhiWlRh8v+rOv\nmaHdYOdD6H29LE4qa7tB5sqpr2FSwpJluAxhn5DZ2XkF6AjyGyRpmM3COOijbEP+\nPdCYRSwP5xXHhxBy3+PzmSQ69dDyTfg5VI51Ed1oMxPviCY9o40/lWyf8O8CAwEA\nAQKCAgAKI6bJdPaa3D8BKOvftV5PDEt5qIBTgXWhOmKqHVndHsgzQBzjOw676qyA\nGo7taiH6BpAl//a3c7Vugmqvl0BmQGmQ/+Y9gSzYIAgUPbsgEN8kU6xzKp/ZbO1o\nbGcvzknfWLgFI5NuxynEAjDPIiHnfueDyVG98n3j1TVLzhCZo8yQJ2vg1nt8SDFJ\nL2pdm/U0Cqi+W+OoGnywQGEPz/NYe6YuIKbN97/9saAs5Z190hb6dUrGB6Ts3zNL\ndEoRz2B13Pv8WMG5I1rB40xWFhQzxOtjqmNjFw9j/wdZ619CMrGHbYRPrBDxT7eq\nhqnjVooGd1W4p6LkheZ4X7WMRzzNXYVDPbq5MWMoa2NlTEHJfCiihjkLy0dazugl\nBBbrTVgI6SjHyY4uhNgDAxOY/rdg0n1ChALjEGryHWyu34nP8+vhrQ1g5t4HwHAL\n2AC0XVNyYm0/z/+GAnQ6QA9xE1ftkje5CN+FOT54ruzmJpxCLdGMB3yF9y02pdaD\nQAdNU5iiYR1bckQ2TIsYpzMRFeSHnhsdLarvF8ZhYQ3e/Bt04KQbBJvfMuSTV13B\n2bT8PchhMuSzVW5mcxcIS0QE8bNV6jIePVfsHoObAzn4LFTXLXD8OBF2+ibYmop+\nhSDbs+uAd1tmmlArATKEtuWepFR5zxcC56fv8bvZXYwCCvF6AQKCAQEA1PfspLqZ\nhKWSy9d6mRs0kJ1tEGj/O+Xx9463q8fSJaaIXQFOfsi0uFFBtiibLqX3WXcx6w0L\nTW/MSBQ5UoVPu4mnz0dZsxmyZEw7c1nqgh1LsF9DVh5w5FRrkSgfuc+WTA/GxfGQ\nO7ILoB01PGs8hmGOggImMkPqCd+hZhotEjJqFcsJZhXQIc/MGWcp/Z0iiTJHOJ2s\njxPiJkffDf+gGgv3hTAsuQJbaTujmiP3rvT337CK1KpBX78XydpYXd/fzTwvsPK7\nziBR5ZJgvWWJuqrmJUSbBvLKnrZmGiL8Xeoc16MvDTKc4M58fVUB+hK5HxlKMgrO\nreO7KUQbqpw5bwKCAQEAy3RcKgX9XbtJ4PQV0ClqK4H/oAfvuPoYwo9LHLenfzcb\nPrn7MaHB3ZlpvxhusK5sCAj/19H+odR/2Pd0lE5qrqcVJkimxURyshgxtZJZ1Jxx\npOjqYewk/MNeKc5ILiYqUV74SNfoXRwdfYEfXRGDFDlMzHxclPGwA0chs4AWBrcP\nmtFtFVcCdF17ZHhMnIc8G2vGWW6ZwqoAiBmgcVeY+PK9GnyRotaz25jRP3wgfQAM\nv6qDmQfqD9NZQYwDG2IVeczYHPaEXDkakZa0MnbMgQh01jyAg6BX5wB+RNhC63Is\n4xzGDK4EFK/BvP1C7vK0UkXpXEvGyy08J6RjAQkAgQKCAQB5odegBYrkfYQns7ur\nciRFbAP8WVtcpGnbz8EK9ScKpeA/7h0cwBinJJF5LhvjOprYmAEElACei3mKuTI7\n9TOikm4rLj8G0WhXbEqQCQysn3q5Es9sghpL7gM5dkcYYn0el+wY5WxRC9Ej80qS\nZVS+Ez3G9t9F2g/y76xImi6fs/du1vVZPqAOj5Wr9IXA+VveK78NkNAbL2n8HxQ/\n9H1GIwuNIASK7dOzeIJp6Jzvaa2gLj48U7jerE8z0+agRtqVZwh98URd54ueqElk\nInfVCwJCyroX79bVaqtJxi2Incs3RVX8HaoHoybqlgB5CPR91H3RsuZz3hro6KM8\nf9k1AoIBAEF839mq+eX8zgf5qTfKzODaRFTXmSMaZXPiudOxjdmV/FARfzh3j7Zr\nli0riR2X1zAy7V8juemPQ+Orqzu9jftPzq/2/K9Mm/qVbRK72+xiuvXQ/visES/H\nFv0v5+3q3P46KoMP9DxcO2XVdSn45A9TblP3x7ktnnE/qSplFTHuJLi5pnoS+rhI\nCtrJGifcI83TwBGzVwzgubEVRp6VCqk/QP1QkXQv1c7efqQHqVFy/aeIFDni4UVc\ny0Mc9TcQOEdvVzTjaLFitBmev7vqn2L9PNZkvR0hNIonj31LeybcJnSoI1ube7bI\n5/yULMJLHx3IYRgTUBbAJbfA4xlHM4ECggEAdgmmM6l7GIxxNuWoN+2+PXJ6MKjK\n5YuGtW61G6eZ2OSbNSPUYptcVQZJbJoedEBiwVfRGsUdrUBP3sHG6Pe7O8izHDYb\nipSnRtR1Y5CdSBy2KN9YT5svyDDxC5iqYRgVDBmVUnsTIFoQjixjs4zv+OQvP2PQ\nRtjXzlncSdg3sLtwj1ssNYJSESv/p7ERwfNzbU176k/B1x0jU9ABOOLxx0t2SQOz\n0ZsVGYPDMVLUigvmW4r0RbF57e8e/VTHycPa0kojM/x2UPgumkFbfFjVcSZx/03g\nK2YPJN7RN73R7vVwuNGJNaWKjhTS6NwzEC5sribdgfSY21AEmalCGJXAug==\n-----END RSA PRIVATE KEY-----\n",
            "private_key_pem_pkcs8": "-----BEGIN PRIVATE KEY-----\nMIIJQQIBADANBgkqhkiG9w0BAQEFAASCCSswggknAgEAAoICAQCpQWWp6U/ucyVC\nYA0VE9LnhZOfwQJ6cYh02cg3S8SxZz4UGpz5WGrfGO+eY9U5Dzf1FJ3WA7LB84m6\n3xVjXs8xerTYDxQLcC136ARzqeLnnNWxrNjuVXyMHSLog242WQ0EePtLvk8u/MZv\nG9TKEhCJxLpnmh3yc8u5x3l67/xURciztSUvO56hsM+07ZUg4pRo18DyWRKmBk+6\n82+D6cZiyYfgGmd1JY5f1Arbu0xBLdOyB+ey9BB3NJExI3DxnlaswrI6/rNPfddk\na92pTXvh0UHlgwC/mvYoUykkTUf1sbwQG+QrUlSY4vtSLnQyoMHb1X9pl6PwZvXY\nfyWwPRqE+ST/lJYBLYTX4qS+8iRCylh1nPtNZX8FRElNhl/gKl11x+vc8mcTzLl+\nqsNTUK677CJ+RBI7Dgt44n/leM2yLnNaTDmqafPmIPFKV8bcywqTl8S8/kpblVax\nXKdzLDsxCkf3CyvwXZP96OeP58L2QHjPHX68ZqaHFGZYEQgHCSEo8raU+WGk3G4K\nvRrR0rdQFAmYxZF5v4PL89eGJaVGHy/6s6+Zod1g50Pofb0sTipru0HmyqmvYVLC\nkmW4DGGfkNnZeQXoCPIbJGmYzcI46KNsQ/490JhFLA/nFceHEHLf4/OZJDr10PJN\n+DlUjnUR3WgzE++IJj2jjT+VbJ/w7wIDAQABAoICAAojpsl09prcPwEo69+1Xk8M\nS3mogFOBdaE6YqodWd0eyDNAHOM7DrvqrIAaju1qIfoGkCX/9rdztW6Caq+XQGZA\naZD/5j2BLNggCBQ9uyAQ3yRTrHMqn9ls7WhsZy/OSd9YuAUjk27HKcQCMM8iIed+\n54PJUb3yfePVNUvOEJmjzJAna+DWe3xIMUkval2b9TQKqL5b46gafLBAYQ/P81h7\npi4gps33v/2xoCzlnX3SFvp1SsYHpOzfM0t0ShHPYHXc+/xYwbkjWsHjTFYWFDPE\n62OqY2MXD2P/B1nrX0IysYdthE+sEPFPt6qGqeNWigZ3VbinouSF5nhftYxHPM1d\nhUM9urkxYyhrY2VMQcl8KKKGOQvLR1rO6CUEFutNWAjpKMfJji6E2AMDE5j+t2DS\nfUKEAuMQavIdbK7fic/z6+GtDWDm3gfAcAvYALRdU3JibT/P/4YCdDpAD3ETV+2S\nN7kI34U5Pniu7OYmnEIt0YwHfIX3LTal1oNAB01TmKJhHVtyRDZMixinMxEV5Iee\nGx0tqu8XxmFhDd78G3TgpBsEm98y5JNXXcHZtPw9yGEy5LNVbmZzFwhLRATxs1Xq\nMh49V+weg5sDOfgsVNctcPw4EXb6Jtiain6FINuz64B3W2aaUCsBMoS25Z6kVHnP\nFwLnp+/xu9ldjAIK8XoBAoIBAQDU9+ykupmEpZLL13qZGzSQnW0QaP875fH3jrer\nx9IlpohdAU5+yLS4UUG2KJsupfdZdzHrDQtNb8xIFDlShU+7iafPR1mzGbJkTDtz\nWeqCHUuwX0NWHnDkVGuRKB+5z5ZMD8bF8ZA7sgugHTU8azyGYY6CAiYyQ+oJ36Fm\nGi0SMmoVywlmFdAhz8wZZyn9nSKJMkc4nayPE+ImR98N/6AaC/eFMCy5AltpO6Oa\nI/eu9PffsIrUqkFfvxfJ2lhd39/NPC+w8rvOIFHlkmC9ZYm6quYlRJsG8sqetmYa\nIvxd6hzXoy8NMpzgznx9VQH6ErkfGUoyCs6t47spRBuqnDlvAoIBAQDLdFwqBf1d\nu0ng9BXQKWorgf+gB++4+hjCj0sct6d/Nxs+ufsxocHdmWm/GG6wrmwICP/X0f6h\n1H/Y93SUTmqupxUmSKbFRHKyGDG1klnUnHGk6Oph7CT8w14pzkguJipRXvhI1+hd\nHB19gR9dEYMUOUzMfFyU8bADRyGzgBYGtw+a0W0VVwJ0XXtkeEychzwba8ZZbpnC\nqgCIGaBxV5j48r0afJGi1rPbmNE/fCB9AAy/qoOZB+oP01lBjAMbYhV5zNgc9oRc\nORqRlrQydsyBCHTWPICDoFfnAH5E2ELrcizjHMYMrgQUr8G8/ULu8rRSRelcS8bL\nLTwnpGMBCQCBAoIBAHmh16AFiuR9hCezu6tyJEVsA/xZW1ykadvPwQr1Jwql4D/u\nHRzAGKckkXkuG+M6mtiYAQSUAJ6LeYq5Mjv1M6KSbisuPwbRaFdsSpAJDKyferkS\nz2yCGkvuAzl2RxhifR6X7BjlbFEL0SPzSpJlVL4TPcb230XaD/LvrEiaLp+z927W\n9Vk+oA6Plav0hcD5W94rvw2Q0BsvafwfFD/0fUYjC40gBIrt07N4gmnonO9praAu\nPjxTuN6sTzPT5qBG2pVnCH3xRF3ni56oSWQid9ULAkLKuhfv1tVqq0nGLYidyzdF\nVfwdqgejJuqWAHkI9H3UfdGy5nPeGujoozx/2TUCggEAQXzf2ar55fzOB/mpN8rM\n4NpEVNeZIxplc+K507GN2ZX8UBF/OHePtmuWLSuJHZfXMDLtXyO56Y9D46urO72N\n+0/Or/b8r0yb+pVtErvb7GK69dD++KwRL8cW/S/n7erc/joqgw/0PFw7ZdV1Kfjk\nD1NuU/fHuS2ecT+pKmUVMe4kuLmmehL6uEgK2skaJ9wjzdPAEbNXDOC5sRVGnpUK\nqT9A/VCRdC/Vzt5+pAepUXL9p4gUOeLhRVzLQxz1NxA4R29XNONosWK0GZ6/u+qf\nYv081mS9HSE0iiePfUt7JtwmdKgjW5t7tsjn/JQswksfHchhGBNQFsAlt8DjGUcz\ngQKCAQB2CaYzqXsYjHE25ag37b49cnowqMrli4a1brUbp5nY5Js1I9Rim1xVBkls\nmh50QGLBV9EaxR2tQE/ewcbo97s7yLMcNhuKlKdG1HVjkJ1IHLYo31hPmy/IMPEL\nmKphGBUMGZVSexMgWhCOLGOzjO/45C8/Y9BG2NfOWdxJ2Dewu3CPWyw1glIRK/+n\nsRHB83NtTXvqT8HXHSNT0AE44vHHS3ZJA7PRmxUZg8MxUtSKC+ZbivRFsXnt7x79\nVMfJw9rSSiMz/HZQ+C6aQVt8WNVxJnH/TeArZg8k3tE3vdHu9XC40Yk1pYqOFNLo\n3DMQLmyuJt2B9JjbUASZqUIYlcC6\n-----END PRIVATE KEY-----\n",
            "public_key_fingerprint_md5": "e3:10:c4:52:14:85:af:d8:f5:fc:43:87:30:b8:37:2f",
            "public_key_fingerprint_sha256": "SHA256:RJa16zm0RSyMv+eCsaodC3yA3gUWDcTBF9fSnalomac",
            "public_key_openssh": "ssh-rsa AAAAB3NzaC1yc2EAAAADAQABAAACAQCpQWWp6U/ucyVCYA0VE9LnhZOfwQJ6cYh02cg3S8SxZz4UGpz5WGrfGO+eY9U5Dzf1FJ3WA7LB84m63xVjXs8xerTYDxQLcC136ARzqeLnnNWxrNjuVXyMHSLog242WQ0EePtLvk8u/MZvG9TKEhCJxLpnmh3yc8u5x3l67/xURciztSUvO56hsM+07ZUg4pRo18DyWRKmBk+682+D6cZiyYfgGmd1JY5f1Arbu0xBLdOyB+ey9BB3NJExI3DxnlaswrI6/rNPfddka92pTXvh0UHlgwC/mvYoUykkTUf1sbwQG+QrUlSY4vtSLnQyoMHb1X9pl6PwZvXYfyWwPRqE+ST/lJYBLYTX4qS+8iRCylh1nPtNZX8FRElNhl/gKl11x+vc8mcTzLl+qsNTUK677CJ+RBI7Dgt44n/leM2yLnNaTDmqafPmIPFKV8bcywqTl8S8/kpblVaxXKdzLDsxCkf3CyvwXZP96OeP58L2QHjPHX68ZqaHFGZYEQgHCSEo8raU+WGk3G4KvRrR0rdQFAmYxZF5v4PL89eGJaVGHy/6s6+Zod1g50Pofb0sTipru0HmyqmvYVLCkmW4DGGfkNnZeQXoCPIbJGmYzcI46KNsQ/490JhFLA/nFceHEHLf4/OZJDr10PJN+DlUjnUR3WgzE++IJj2jjT+VbJ/w7w==\n",
            "public_key_pem": "-----BEGIN PUBLIC KEY-----\nMIICIjANBgkqhkiG9w0BAQEFAAOCAg8AMIICCgKCAgEAqUFlqelP7nMlQmANFRPS\n54WTn8ECenGIdNnIN0vEsWc+FBqc+Vhq3xjvnmPVOQ839RSd1gOywfOJut8VY17P\nMXq02A8UC3Atd+gEc6ni55zVsazY7lV8jB0i6INuNlkNBHj7S75PLvzGbxvUyhIQ\nicS6Z5od8nPLucd5eu/8VEXIs7UlLzueobDPtO2VIOKUaNfA8lkSpgZPuvNvg+nG\nYsmH4BpndSWOX9QK27tMQS3TsgfnsvQQdzSRMSNw8Z5WrMKyOv6zT33XZGvdqU17\n4dFB5YMAv5r2KFMpJE1H9bG8EBvkK1JUmOL7Ui50MqDB29V/aZej8Gb12H8lsD0a\nhPkk/5SWAS2E1+KkvvIkQspYdZz7TWV/BURJTYZf4Cpddcfr3PJnE8y5fqrDU1Cu\nu+wifkQSOw4LeOJ/5XjNsi5zWkw5qmnz5iDxSlfG3MsKk5fEvP5KW5VWsVyncyw7\nMQpH9wsr8F2T/ejnj+fC9kB4zx1+vGamhxRmWBEIBwkhKPK2lPlhpNxuCr0a0dK3\nUBQJmMWReb+Dy/PXhiWlRh8v+rOvmaHdYOdD6H29LE4qa7tB5sqpr2FSwpJluAxh\nn5DZ2XkF6AjyGyRpmM3COOijbEP+PdCYRSwP5xXHhxBy3+PzmSQ69dDyTfg5VI51\nEd1oMxPviCY9o40/lWyf8O8CAwEAAQ==\n-----END PUBLIC KEY-----\n",
            "rsa_bits": 4096
          },
          "sensitive_attributes": []
        }
      ]
    },
    {
      "module": "module.security_group",
      "mode": "managed",
      "type": "aws_security_group",
      "name": "main",
      "provider": "provider[\"registry.terraform.io/hashicorp/aws\"]",
      "instances": [
        {
          "schema_version": 1,
          "attributes": {
            "arn": "arn:aws:ec2:us-east-1:314146292800:security-group/sg-0495424d46e559eba",
            "description": "Managed by Terraform",
            "egress": [
              {
                "cidr_blocks": [
                  "0.0.0.0/0"
                ],
                "description": "",
                "from_port": 0,
                "ipv6_cidr_blocks": [],
                "prefix_list_ids": [],
                "protocol": "-1",
                "security_groups": [],
                "self": false,
                "to_port": 0
              }
            ],
            "id": "sg-0495424d46e559eba",
            "ingress": [
              {
                "cidr_blocks": [
                  "0.0.0.0/0"
                ],
                "description": "",
                "from_port": 22,
                "ipv6_cidr_blocks": [],
                "prefix_list_ids": [],
                "protocol": "tcp",
                "security_groups": [],
                "self": false,
                "to_port": 22
              },
              {
                "cidr_blocks": [
                  "0.0.0.0/0"
                ],
                "description": "",
                "from_port": 25,
                "ipv6_cidr_blocks": [],
                "prefix_list_ids": [],
                "protocol": "tcp",
                "security_groups": [],
                "self": false,
                "to_port": 25
              },
              {
                "cidr_blocks": [
                  "0.0.0.0/0"
                ],
                "description": "",
                "from_port": 30000,
                "ipv6_cidr_blocks": [],
                "prefix_list_ids": [],
                "protocol": "tcp",
                "security_groups": [],
                "self": false,
                "to_port": 32767
              },
              {
                "cidr_blocks": [
                  "0.0.0.0/0"
                ],
                "description": "",
                "from_port": 3000,
                "ipv6_cidr_blocks": [],
                "prefix_list_ids": [],
                "protocol": "tcp",
                "security_groups": [],
                "self": false,
                "to_port": 10000
              },
              {
                "cidr_blocks": [
                  "0.0.0.0/0"
                ],
                "description": "",
                "from_port": 443,
                "ipv6_cidr_blocks": [],
                "prefix_list_ids": [],
                "protocol": "tcp",
                "security_groups": [],
                "self": false,
                "to_port": 443
              },
              {
                "cidr_blocks": [
                  "0.0.0.0/0"
                ],
                "description": "",
                "from_port": 465,
                "ipv6_cidr_blocks": [],
                "prefix_list_ids": [],
                "protocol": "tcp",
                "security_groups": [],
                "self": false,
                "to_port": 465
              },
              {
                "cidr_blocks": [
                  "0.0.0.0/0"
                ],
                "description": "",
                "from_port": 6443,
                "ipv6_cidr_blocks": [],
                "prefix_list_ids": [],
                "protocol": "tcp",
                "security_groups": [],
                "self": false,
                "to_port": 6443
              },
              {
                "cidr_blocks": [
                  "0.0.0.0/0"
                ],
                "description": "",
                "from_port": 80,
                "ipv6_cidr_blocks": [],
                "prefix_list_ids": [],
                "protocol": "tcp",
                "security_groups": [],
                "self": false,
                "to_port": 80
              }
            ],
            "name": "dev-sg20250116090254639400000001",
            "name_prefix": "dev-sg",
            "owner_id": "314146292800",
            "revoke_rules_on_delete": false,
            "tags": {
              "Name": "dev-sg"
            },
            "tags_all": {
              "Name": "dev-sg"
            },
            "timeouts": null,
            "vpc_id": "vpc-0fcec97247ec8e2d5"
          },
          "sensitive_attributes": [],
          "private": "eyJlMmJmYjczMC1lY2FhLTExZTYtOGY4OC0zNDM2M2JjN2M0YzAiOnsiY3JlYXRlIjo2MDAwMDAwMDAwMDAsImRlbGV0ZSI6OTAwMDAwMDAwMDAwfSwic2NoZW1hX3ZlcnNpb24iOiIxIn0=",
          "dependencies": [
            "module.vpc.aws_vpc.main"
          ]
        }
      ]
    },
    {
      "module": "module.vpc",
      "mode": "managed",
      "type": "aws_internet_gateway",
      "name": "main",
      "provider": "provider[\"registry.terraform.io/hashicorp/aws\"]",
      "instances": [
        {
          "schema_version": 0,
          "attributes": {
            "arn": "arn:aws:ec2:us-east-1:314146292800:internet-gateway/igw-07a25c94d990717f1",
            "id": "igw-07a25c94d990717f1",
            "owner_id": "314146292800",
            "tags": {
              "Name": "dev-igw"
            },
            "tags_all": {
              "Name": "dev-igw"
            },
            "timeouts": null,
            "vpc_id": "vpc-0fcec97247ec8e2d5"
          },
          "sensitive_attributes": [],
          "private": "eyJlMmJmYjczMC1lY2FhLTExZTYtOGY4OC0zNDM2M2JjN2M0YzAiOnsiY3JlYXRlIjoxMjAwMDAwMDAwMDAwLCJkZWxldGUiOjEyMDAwMDAwMDAwMDAsInVwZGF0ZSI6MTIwMDAwMDAwMDAwMH19",
          "dependencies": [
            "module.vpc.aws_vpc.main"
          ]
        }
      ]
    },
    {
      "module": "module.vpc",
      "mode": "managed",
      "type": "aws_route_table",
      "name": "public",
      "provider": "provider[\"registry.terraform.io/hashicorp/aws\"]",
      "instances": [
        {
          "schema_version": 0,
          "attributes": {
            "arn": "arn:aws:ec2:us-east-1:314146292800:route-table/rtb-04aabb5cd96dcc7da",
            "id": "rtb-04aabb5cd96dcc7da",
            "owner_id": "314146292800",
            "propagating_vgws": [],
            "route": [
              {
                "carrier_gateway_id": "",
                "cidr_block": "0.0.0.0/0",
                "core_network_arn": "",
                "destination_prefix_list_id": "",
                "egress_only_gateway_id": "",
                "gateway_id": "igw-07a25c94d990717f1",
                "ipv6_cidr_block": "",
                "local_gateway_id": "",
                "nat_gateway_id": "",
                "network_interface_id": "",
                "transit_gateway_id": "",
                "vpc_endpoint_id": "",
                "vpc_peering_connection_id": ""
              }
            ],
            "tags": {
              "Name": "dev-public-rt"
            },
            "tags_all": {
              "Name": "dev-public-rt"
            },
            "timeouts": null,
            "vpc_id": "vpc-0fcec97247ec8e2d5"
          },
          "sensitive_attributes": [],
          "private": "eyJlMmJmYjczMC1lY2FhLTExZTYtOGY4OC0zNDM2M2JjN2M0YzAiOnsiY3JlYXRlIjozMDAwMDAwMDAwMDAsImRlbGV0ZSI6MzAwMDAwMDAwMDAwLCJ1cGRhdGUiOjEyMDAwMDAwMDAwMH19",
          "dependencies": [
            "module.vpc.aws_internet_gateway.main",
            "module.vpc.aws_vpc.main"
          ]
        }
      ]
    },
    {
      "module": "module.vpc",
      "mode": "managed",
      "type": "aws_route_table_association",
      "name": "public",
      "provider": "provider[\"registry.terraform.io/hashicorp/aws\"]",
      "instances": [
        {
          "index_key": 0,
          "schema_version": 0,
          "attributes": {
            "gateway_id": "",
            "id": "rtbassoc-053a92f9494650a0c",
            "route_table_id": "rtb-04aabb5cd96dcc7da",
            "subnet_id": "subnet-078e5a188831b923b",
            "timeouts": null
          },
          "sensitive_attributes": [],
          "private": "eyJlMmJmYjczMC1lY2FhLTExZTYtOGY4OC0zNDM2M2JjN2M0YzAiOnsiY3JlYXRlIjozMDAwMDAwMDAwMDAsImRlbGV0ZSI6MzAwMDAwMDAwMDAwLCJ1cGRhdGUiOjEyMDAwMDAwMDAwMH19",
          "dependencies": [
            "module.vpc.aws_internet_gateway.main",
            "module.vpc.aws_route_table.public",
            "module.vpc.aws_subnet.public",
            "module.vpc.aws_vpc.main"
          ]
        },
        {
          "index_key": 1,
          "schema_version": 0,
          "attributes": {
            "gateway_id": "",
            "id": "rtbassoc-00953fc2440518c09",
            "route_table_id": "rtb-04aabb5cd96dcc7da",
            "subnet_id": "subnet-065f40bc2b290e79e",
            "timeouts": null
          },
          "sensitive_attributes": [],
          "private": "eyJlMmJmYjczMC1lY2FhLTExZTYtOGY4OC0zNDM2M2JjN2M0YzAiOnsiY3JlYXRlIjozMDAwMDAwMDAwMDAsImRlbGV0ZSI6MzAwMDAwMDAwMDAwLCJ1cGRhdGUiOjEyMDAwMDAwMDAwMH19",
          "dependencies": [
            "module.vpc.aws_internet_gateway.main",
            "module.vpc.aws_route_table.public",
            "module.vpc.aws_subnet.public",
            "module.vpc.aws_vpc.main"
          ]
        }
      ]
    },
    {
      "module": "module.vpc",
      "mode": "managed",
      "type": "aws_subnet",
      "name": "private",
      "provider": "provider[\"registry.terraform.io/hashicorp/aws\"]",
      "instances": [
        {
          "index_key": 0,
          "schema_version": 1,
          "attributes": {
            "arn": "arn:aws:ec2:us-east-1:314146292800:subnet/subnet-0dd0bbfbfa38b955b",
            "assign_ipv6_address_on_creation": false,
            "availability_zone": "us-east-1a",
            "availability_zone_id": "use1-az4",
            "cidr_block": "10.0.3.0/24",
            "customer_owned_ipv4_pool": "",
            "enable_dns64": false,
            "enable_lni_at_device_index": 0,
            "enable_resource_name_dns_a_record_on_launch": false,
            "enable_resource_name_dns_aaaa_record_on_launch": false,
            "id": "subnet-0dd0bbfbfa38b955b",
            "ipv6_cidr_block": "",
            "ipv6_cidr_block_association_id": "",
            "ipv6_native": false,
            "map_customer_owned_ip_on_launch": false,
            "map_public_ip_on_launch": false,
            "outpost_arn": "",
            "owner_id": "314146292800",
            "private_dns_hostname_type_on_launch": "ip-name",
            "tags": {
              "Name": "dev-private-subnet-1"
            },
            "tags_all": {
              "Name": "dev-private-subnet-1"
            },
            "timeouts": null,
            "vpc_id": "vpc-0fcec97247ec8e2d5"
          },
          "sensitive_attributes": [],
          "private": "eyJlMmJmYjczMC1lY2FhLTExZTYtOGY4OC0zNDM2M2JjN2M0YzAiOnsiY3JlYXRlIjo2MDAwMDAwMDAwMDAsImRlbGV0ZSI6MTIwMDAwMDAwMDAwMH0sInNjaGVtYV92ZXJzaW9uIjoiMSJ9",
          "dependencies": [
            "module.vpc.aws_vpc.main"
          ]
        },
        {
          "index_key": 1,
          "schema_version": 1,
          "attributes": {
            "arn": "arn:aws:ec2:us-east-1:314146292800:subnet/subnet-02ec4000465392411",
            "assign_ipv6_address_on_creation": false,
            "availability_zone": "us-east-1b",
            "availability_zone_id": "use1-az6",
            "cidr_block": "10.0.4.0/24",
            "customer_owned_ipv4_pool": "",
            "enable_dns64": false,
            "enable_lni_at_device_index": 0,
            "enable_resource_name_dns_a_record_on_launch": false,
            "enable_resource_name_dns_aaaa_record_on_launch": false,
            "id": "subnet-02ec4000465392411",
            "ipv6_cidr_block": "",
            "ipv6_cidr_block_association_id": "",
            "ipv6_native": false,
            "map_customer_owned_ip_on_launch": false,
            "map_public_ip_on_launch": false,
            "outpost_arn": "",
            "owner_id": "314146292800",
            "private_dns_hostname_type_on_launch": "ip-name",
            "tags": {
              "Name": "dev-private-subnet-2"
            },
            "tags_all": {
              "Name": "dev-private-subnet-2"
            },
            "timeouts": null,
            "vpc_id": "vpc-0fcec97247ec8e2d5"
          },
          "sensitive_attributes": [],
          "private": "eyJlMmJmYjczMC1lY2FhLTExZTYtOGY4OC0zNDM2M2JjN2M0YzAiOnsiY3JlYXRlIjo2MDAwMDAwMDAwMDAsImRlbGV0ZSI6MTIwMDAwMDAwMDAwMH0sInNjaGVtYV92ZXJzaW9uIjoiMSJ9",
          "dependencies": [
            "module.vpc.aws_vpc.main"
          ]
        }
      ]
    },
    {
      "module": "module.vpc",
      "mode": "managed",
      "type": "aws_subnet",
      "name": "public",
      "provider": "provider[\"registry.terraform.io/hashicorp/aws\"]",
      "instances": [
        {
          "index_key": 0,
          "schema_version": 1,
          "attributes": {
            "arn": "arn:aws:ec2:us-east-1:314146292800:subnet/subnet-078e5a188831b923b",
            "assign_ipv6_address_on_creation": false,
            "availability_zone": "us-east-1a",
            "availability_zone_id": "use1-az4",
            "cidr_block": "10.0.1.0/24",
            "customer_owned_ipv4_pool": "",
            "enable_dns64": false,
            "enable_lni_at_device_index": 0,
            "enable_resource_name_dns_a_record_on_launch": false,
            "enable_resource_name_dns_aaaa_record_on_launch": false,
            "id": "subnet-078e5a188831b923b",
            "ipv6_cidr_block": "",
            "ipv6_cidr_block_association_id": "",
            "ipv6_native": false,
            "map_customer_owned_ip_on_launch": false,
            "map_public_ip_on_launch": true,
            "outpost_arn": "",
            "owner_id": "314146292800",
            "private_dns_hostname_type_on_launch": "ip-name",
            "tags": {
              "Name": "dev-public-subnet-1"
            },
            "tags_all": {
              "Name": "dev-public-subnet-1"
            },
            "timeouts": null,
            "vpc_id": "vpc-0fcec97247ec8e2d5"
          },
          "sensitive_attributes": [],
          "private": "eyJlMmJmYjczMC1lY2FhLTExZTYtOGY4OC0zNDM2M2JjN2M0YzAiOnsiY3JlYXRlIjo2MDAwMDAwMDAwMDAsImRlbGV0ZSI6MTIwMDAwMDAwMDAwMH0sInNjaGVtYV92ZXJzaW9uIjoiMSJ9",
          "dependencies": [
            "module.vpc.aws_vpc.main"
          ]
        },
        {
          "index_key": 1,
          "schema_version": 1,
          "attributes": {
            "arn": "arn:aws:ec2:us-east-1:314146292800:subnet/subnet-065f40bc2b290e79e",
            "assign_ipv6_address_on_creation": false,
            "availability_zone": "us-east-1b",
            "availability_zone_id": "use1-az6",
            "cidr_block": "10.0.2.0/24",
            "customer_owned_ipv4_pool": "",
            "enable_dns64": false,
            "enable_lni_at_device_index": 0,
            "enable_resource_name_dns_a_record_on_launch": false,
            "enable_resource_name_dns_aaaa_record_on_launch": false,
            "id": "subnet-065f40bc2b290e79e",
            "ipv6_cidr_block": "",
            "ipv6_cidr_block_association_id": "",
            "ipv6_native": false,
            "map_customer_owned_ip_on_launch": false,
            "map_public_ip_on_launch": true,
            "outpost_arn": "",
            "owner_id": "314146292800",
            "private_dns_hostname_type_on_launch": "ip-name",
            "tags": {
              "Name": "dev-public-subnet-2"
            },
            "tags_all": {
              "Name": "dev-public-subnet-2"
            },
            "timeouts": null,
            "vpc_id": "vpc-0fcec97247ec8e2d5"
          },
          "sensitive_attributes": [],
          "private": "eyJlMmJmYjczMC1lY2FhLTExZTYtOGY4OC0zNDM2M2JjN2M0YzAiOnsiY3JlYXRlIjo2MDAwMDAwMDAwMDAsImRlbGV0ZSI6MTIwMDAwMDAwMDAwMH0sInNjaGVtYV92ZXJzaW9uIjoiMSJ9",
          "dependencies": [
            "module.vpc.aws_vpc.main"
          ]
        }
      ]
    },
    {
      "module": "module.vpc",
      "mode": "managed",
      "type": "aws_vpc",
      "name": "main",
      "provider": "provider[\"registry.terraform.io/hashicorp/aws\"]",
      "instances": [
        {
          "schema_version": 1,
          "attributes": {
            "arn": "arn:aws:ec2:us-east-1:314146292800:vpc/vpc-0fcec97247ec8e2d5",
            "assign_generated_ipv6_cidr_block": false,
            "cidr_block": "10.0.0.0/16",
            "default_network_acl_id": "acl-029dfe8485bb20821",
            "default_route_table_id": "rtb-0c3fe3faf1846cbbb",
            "default_security_group_id": "sg-0021833c8e3b61ab9",
            "dhcp_options_id": "dopt-0d6d71a2b777e5816",
            "enable_dns_hostnames": true,
            "enable_dns_support": true,
            "enable_network_address_usage_metrics": false,
            "id": "vpc-0fcec97247ec8e2d5",
            "instance_tenancy": "default",
            "ipv4_ipam_pool_id": null,
            "ipv4_netmask_length": null,
            "ipv6_association_id": "",
            "ipv6_cidr_block": "",
            "ipv6_cidr_block_network_border_group": "",
            "ipv6_ipam_pool_id": "",
            "ipv6_netmask_length": 0,
            "main_route_table_id": "rtb-0c3fe3faf1846cbbb",
            "owner_id": "314146292800",
            "tags": {
              "Environment": "dev",
              "Name": "dev-vpc"
            },
            "tags_all": {
              "Environment": "dev",
              "Name": "dev-vpc"
            }
          },
          "sensitive_attributes": [],
          "private": "eyJzY2hlbWFfdmVyc2lvbiI6IjEifQ=="
        }
      ]
    }
  ],
  "check_results": null
}
